// !$*UTF8*$!
{
	archiveVersion = 1;
	classes = {
	};
	objectVersion = 48;
	objects = {

/* Begin PBXBuildFile section */
		60B14F77205264E900654AF6 /* AppDelegate.m in Sources */ = {isa = PBXBuildFile; fileRef = 60B14F76205264E900654AF6 /* AppDelegate.m */; };
		60B14F7A205264E900654AF6 /* ViewController.m in Sources */ = {isa = PBXBuildFile; fileRef = 60B14F79205264E900654AF6 /* ViewController.m */; };
		60B14F7D205264E900654AF6 /* Main.storyboard in Resources */ = {isa = PBXBuildFile; fileRef = 60B14F7B205264E900654AF6 /* Main.storyboard */; };
		60B14F7F205264E900654AF6 /* Assets.xcassets in Resources */ = {isa = PBXBuildFile; fileRef = 60B14F7E205264E900654AF6 /* Assets.xcassets */; };
		60B14F82205264E900654AF6 /* LaunchScreen.storyboard in Resources */ = {isa = PBXBuildFile; fileRef = 60B14F80205264E900654AF6 /* LaunchScreen.storyboard */; };
		60B14F85205264E900654AF6 /* main.m in Sources */ = {isa = PBXBuildFile; fileRef = 60B14F84205264E900654AF6 /* main.m */; };
		60B14F8E2052651E00654AF6 /* WKAlertView.xib in Resources */ = {isa = PBXBuildFile; fileRef = 60B14F8C2052651E00654AF6 /* WKAlertView.xib */; };
		60B14F8F2052651E00654AF6 /* WKAlertView.m in Sources */ = {isa = PBXBuildFile; fileRef = 60B14F8D2052651E00654AF6 /* WKAlertView.m */; };
		60B14F922052652B00654AF6 /* CALayer+XibConfiguration.m in Sources */ = {isa = PBXBuildFile; fileRef = 60B14F902052652A00654AF6 /* CALayer+XibConfiguration.m */; };
		60B14F94205265DE00654AF6 /* haha.png in Resources */ = {isa = PBXBuildFile; fileRef = 60B14F93205265DE00654AF6 /* haha.png */; };
/* End PBXBuildFile section */

/* Begin PBXFileReference section */
		60B14F72205264E900654AF6 /* WKAlertView.app */ = {isa = PBXFileReference; explicitFileType = wrapper.application; includeInIndex = 0; path = WKAlertView.app; sourceTree = BUILT_PRODUCTS_DIR; };
		60B14F75205264E900654AF6 /* AppDelegate.h */ = {isa = PBXFileReference; lastKnownFileType = sourcecode.c.h; path = AppDelegate.h; sourceTree = "<group>"; };
		60B14F76205264E900654AF6 /* AppDelegate.m */ = {isa = PBXFileReference; lastKnownFileType = sourcecode.c.objc; path = AppDelegate.m; sourceTree = "<group>"; };
		60B14F78205264E900654AF6 /* ViewController.h */ = {isa = PBXFileReference; lastKnownFileType = sourcecode.c.h; path = ViewController.h; sourceTree = "<group>"; };
		60B14F79205264E900654AF6 /* ViewController.m */ = {isa = PBXFileReference; lastKnownFileType = sourcecode.c.objc; path = ViewController.m; sourceTree = "<group>"; };
		60B14F7C205264E900654AF6 /* Base */ = {isa = PBXFileReference; lastKnownFileType = file.storyboard; name = Base; path = Base.lproj/Main.storyboard; sourceTree = "<group>"; };
		60B14F7E205264E900654AF6 /* Assets.xcassets */ = {isa = PBXFileReference; lastKnownFileType = folder.assetcatalog; path = Assets.xcassets; sourceTree = "<group>"; };
		60B14F81205264E900654AF6 /* Base */ = {isa = PBXFileReference; lastKnownFileType = file.storyboard; name = Base; path = Base.lproj/LaunchScreen.storyboard; sourceTree = "<group>"; };
		60B14F83205264E900654AF6 /* Info.plist */ = {isa = PBXFileReference; lastKnownFileType = text.plist.xml; path = Info.plist; sourceTree = "<group>"; };
		60B14F84205264E900654AF6 /* main.m */ = {isa = PBXFileReference; lastKnownFileType = sourcecode.c.objc; path = main.m; sourceTree = "<group>"; };
		60B14F8B2052651E00654AF6 /* WKAlertView.h */ = {isa = PBXFileReference; fileEncoding = 4; lastKnownFileType = sourcecode.c.h; path = WKAlertView.h; sourceTree = "<group>"; };
		60B14F8C2052651E00654AF6 /* WKAlertView.xib */ = {isa = PBXFileReference; fileEncoding = 4; lastKnownFileType = file.xib; path = WKAlertView.xib; sourceTree = "<group>"; };
		60B14F8D2052651E00654AF6 /* WKAlertView.m */ = {isa = PBXFileReference; fileEncoding = 4; lastKnownFileType = sourcecode.c.objc; path = WKAlertView.m; sourceTree = "<group>"; };
		60B14F902052652A00654AF6 /* CALayer+XibConfiguration.m */ = {isa = PBXFileReference; fileEncoding = 4; lastKnownFileType = sourcecode.c.objc; path = "CALayer+XibConfiguration.m"; sourceTree = "<group>"; };
		60B14F912052652B00654AF6 /* CALayer+XibConfiguration.h */ = {isa = PBXFileReference; fileEncoding = 4; lastKnownFileType = sourcecode.c.h; path = "CALayer+XibConfiguration.h"; sourceTree = "<group>"; };
		60B14F93205265DE00654AF6 /* haha.png */ = {isa = PBXFileReference; lastKnownFileType = image.png; path = haha.png; sourceTree = "<group>"; };
/* End PBXFileReference section */

/* Begin PBXFrameworksBuildPhase section */
		60B14F6F205264E900654AF6 /* Frameworks */ = {
			isa = PBXFrameworksBuildPhase;
			buildActionMask = 2147483647;
			files = (
			);
			runOnlyForDeploymentPostprocessing = 0;
		};
/* End PBXFrameworksBuildPhase section */

/* Begin PBXGroup section */
		60B14F69205264E900654AF6 = {
			isa = PBXGroup;
			children = (
				60B14F74205264E900654AF6 /* WKAlertView */,
				60B14F73205264E900654AF6 /* Products */,
			);
			sourceTree = "<group>";
		};
		60B14F73205264E900654AF6 /* Products */ = {
			isa = PBXGroup;
			children = (
				60B14F72205264E900654AF6 /* WKAlertView.app */,
			);
			name = Products;
			sourceTree = "<group>";
		};
		60B14F74205264E900654AF6 /* WKAlertView */ = {
			isa = PBXGroup;
			children = (
				60B14F75205264E900654AF6 /* AppDelegate.h */,
				60B14F76205264E900654AF6 /* AppDelegate.m */,
				60B14F78205264E900654AF6 /* ViewController.h */,
				60B14F79205264E900654AF6 /* ViewController.m */,
				60B14F8B2052651E00654AF6 /* WKAlertView.h */,
				60B14F8D2052651E00654AF6 /* WKAlertView.m */,
				60B14F8C2052651E00654AF6 /* WKAlertView.xib */,
				60B14F912052652B00654AF6 /* CALayer+XibConfiguration.h */,
				60B14F902052652A00654AF6 /* CALayer+XibConfiguration.m */,
				60B14F93205265DE00654AF6 /* haha.png */,
				60B14F7B205264E900654AF6 /* Main.storyboard */,
				60B14F7E205264E900654AF6 /* Assets.xcassets */,
				60B14F80205264E900654AF6 /* LaunchScreen.storyboard */,
				60B14F83205264E900654AF6 /* Info.plist */,
				60B14F84205264E900654AF6 /* main.m */,
			);
			path = WKAlertView;
			sourceTree = "<group>";
		};
/* End PBXGroup section */

/* Begin PBXNativeTarget section */
		60B14F71205264E900654AF6 /* WKAlertView */ = {
			isa = PBXNativeTarget;
			buildConfigurationList = 60B14F88205264E900654AF6 /* Build configuration list for PBXNativeTarget "WKAlertView" */;
			buildPhases = (
				60B14F6E205264E900654AF6 /* Sources */,
				60B14F6F205264E900654AF6 /* Frameworks */,
				60B14F70205264E900654AF6 /* Resources */,
			);
			buildRules = (
			);
			dependencies = (
			);
			name = WKAlertView;
			productName = WKAlertView;
			productReference = 60B14F72205264E900654AF6 /* WKAlertView.app */;
			productType = "com.apple.product-type.application";
		};
/* End PBXNativeTarget section */

/* Begin PBXProject section */
		60B14F6A205264E900654AF6 /* Project object */ = {
			isa = PBXProject;
			attributes = {
				LastUpgradeCheck = 0910;
				ORGANIZATIONNAME = xiaokai.wang;
				TargetAttributes = {
					60B14F71205264E900654AF6 = {
						CreatedOnToolsVersion = 9.1;
						ProvisioningStyle = Automatic;
					};
				};
			};
			buildConfigurationList = 60B14F6D205264E900654AF6 /* Build configuration list for PBXProject "WKAlertView" */;
			compatibilityVersion = "Xcode 8.0";
			developmentRegion = en;
			hasScannedForEncodings = 0;
			knownRegions = (
				en,
				Base,
			);
			mainGroup = 60B14F69205264E900654AF6;
			productRefGroup = 60B14F73205264E900654AF6 /* Products */;
			projectDirPath = "";
			projectRoot = "";
			targets = (
				60B14F71205264E900654AF6 /* WKAlertView */,
			);
		};
/* End PBXProject section */

/* Begin PBXResourcesBuildPhase section */
		60B14F70205264E900654AF6 /* Resources */ = {
			isa = PBXResourcesBuildPhase;
			buildActionMask = 2147483647;
			files = (
				60B14F82205264E900654AF6 /* LaunchScreen.storyboard in Resources */,
				60B14F94205265DE00654AF6 /* haha.png in Resources */,
				60B14F8E2052651E00654AF6 /* WKAlertView.xib in Resources */,
				60B14F7F205264E900654AF6 /* Assets.xcassets in Resources */,
				60B14F7D205264E900654AF6 /* Main.storyboard in Resources */,
			);
			runOnlyForDeploymentPostprocessing = 0;
		};
/* End PBXResourcesBuildPhase section */

/* Begin PBXSourcesBuildPhase section */
		60B14F6E205264E900654AF6 /* Sources */ = {
			isa = PBXSourcesBuildPhase;
			buildActionMask = 2147483647;
			files = (
				60B14F7A205264E900654AF6 /* ViewController.m in Sources */,
				60B14F8F2052651E00654AF6 /* WKAlertView.m in Sources */,
				60B14F922052652B00654AF6 /* CALayer+XibConfiguration.m in Sources */,
				60B14F85205264E900654AF6 /* main.m in Sources */,
				60B14F77205264E900654AF6 /* AppDelegate.m in Sources */,
			);
			runOnlyForDeploymentPostprocessing = 0;
		};
/* End PBXSourcesBuildPhase section */

/* Begin PBXVariantGroup section */
		60B14F7B205264E900654AF6 /* Main.storyboard */ = {
			isa = PBXVariantGroup;
			children = (
				60B14F7C205264E900654AF6 /* Base */,
			);
			name = Main.storyboard;
			sourceTree = "<group>";
		};
		60B14F80205264E900654AF6 /* LaunchScreen.storyboard */ = {
			isa = PBXVariantGroup;
			children = (
				60B14F81205264E900654AF6 /* Base */,
			);
			name = LaunchScreen.storyboard;
			sourceTree = "<group>";
		};
/* End PBXVariantGroup section */

/* Begin XCBuildConfiguration section */
		60B14F86205264E900654AF6 /* Debug */ = {
			isa = XCBuildConfiguration;
			buildSettings = {
				ALWAYS_SEARCH_USER_PATHS = NO;
				CLANG_ANALYZER_NONNULL = YES;
				CLANG_ANALYZER_NUMBER_OBJECT_CONVERSION = YES_AGGRESSIVE;
				CLANG_CXX_LANGUAGE_STANDARD = "gnu++14";
				CLANG_CXX_LIBRARY = "libc++";
				CLANG_ENABLE_MODULES = YES;
				CLANG_ENABLE_OBJC_ARC = YES;
				CLANG_WARN_BLOCK_CAPTURE_AUTORELEASING = YES;
				CLANG_WARN_BOOL_CONVERSION = YES;
				CLANG_WARN_COMMA = YES;
				CLANG_WARN_CONSTANT_CONVERSION = YES;
				CLANG_WARN_DIRECT_OBJC_ISA_USAGE = YES_ERROR;
				CLANG_WARN_DOCUMENTATION_COMMENTS = YES;
				CLANG_WARN_EMPTY_BODY = YES;
				CLANG_WARN_ENUM_CONVERSION = YES;
				CLANG_WARN_INFINITE_RECURSION = YES;
				CLANG_WARN_INT_CONVERSION = YES;
				CLANG_WARN_NON_LITERAL_NULL_CONVERSION = YES;
				CLANG_WARN_OBJC_LITERAL_CONVERSION = YES;
				CLANG_WARN_OBJC_ROOT_CLASS = YES_ERROR;
				CLANG_WARN_RANGE_LOOP_ANALYSIS = YES;
				CLANG_WARN_STRICT_PROTOTYPES = YES;
				CLANG_WARN_SUSPICIOUS_MOVE = YES;
				CLANG_WARN_UNGUARDED_AVAILABILITY = YES_AGGRESSIVE;
				CLANG_WARN_UNREACHABLE_CODE = YES;
				CLANG_WARN__DUPLICATE_METHOD_MATCH = YES;
				CODE_SIGN_IDENTITY = "iPhone Developer";
				COPY_PHASE_STRIP = NO;
				DEBUG_INFORMATION_FORMAT = dwarf;
				ENABLE_STRICT_OBJC_MSGSEND = YES;
				ENABLE_TESTABILITY = YES;
				GCC_C_LANGUAGE_STANDARD = gnu11;
				GCC_DYNAMIC_NO_PIC = NO;
				GCC_NO_COMMON_BLOCKS = YES;
				GCC_OPTIMIZATION_LEVEL = 0;
				GCC_PREPROCESSOR_DEFINITIONS = (
					"DEBUG=1",
					"$(inherited)",
				);
				GCC_WARN_64_TO_32_BIT_CONVERSION = YES;
				GCC_WARN_ABOUT_RETURN_TYPE = YES_ERROR;
				GCC_WARN_UNDECLARED_SELECTOR = YES;
				GCC_WARN_UNINITIALIZED_AUTOS = YES_AGGRESSIVE;
				GCC_WARN_UNUSED_FUNCTION = YES;
				GCC_WARN_UNUSED_VARIABLE = YES;
				IPHONEOS_DEPLOYMENT_TARGET = 11.1;
				MTL_ENABLE_DEBUG_INFO = YES;
				ONLY_ACTIVE_ARCH = YES;
				SDKROOT = iphoneos;
			};
			name = Debug;
		};
		60B14F87205264E900654AF6 /* Release */ = {
			isa = XCBuildConfiguration;
			buildSettings = {
				ALWAYS_SEARCH_USER_PATHS = NO;
				CLANG_ANALYZER_NONNULL = YES;
				CLANG_ANALYZER_NUMBER_OBJECT_CONVERSION = YES_AGGRESSIVE;
				CLANG_CXX_LANGUAGE_STANDARD = "gnu++14";
				CLANG_CXX_LIBRARY = "libc++";
				CLANG_ENABLE_MODULES = YES;
				CLANG_ENABLE_OBJC_ARC = YES;
				CLANG_WARN_BLOCK_CAPTURE_AUTORELEASING = YES;
				CLANG_WARN_BOOL_CONVERSION = YES;
				CLANG_WARN_COMMA = YES;
				CLANG_WARN_CONSTANT_CONVERSION = YES;
				CLANG_WARN_DIRECT_OBJC_ISA_USAGE = YES_ERROR;
				CLANG_WARN_DOCUMENTATION_COMMENTS = YES;
				CLANG_WARN_EMPTY_BODY = YES;
				CLANG_WARN_ENUM_CONVERSION = YES;
				CLANG_WARN_INFINITE_RECURSION = YES;
				CLANG_WARN_INT_CONVERSION = YES;
				CLANG_WARN_NON_LITERAL_NULL_CONVERSION = YES;
				CLANG_WARN_OBJC_LITERAL_CONVERSION = YES;
				CLANG_WARN_OBJC_ROOT_CLASS = YES_ERROR;
				CLANG_WARN_RANGE_LOOP_ANALYSIS = YES;
				CLANG_WARN_STRICT_PROTOTYPES = YES;
				CLANG_WARN_SUSPICIOUS_MOVE = YES;
				CLANG_WARN_UNGUARDED_AVAILABILITY = YES_AGGRESSIVE;
				CLANG_WARN_UNREACHABLE_CODE = YES;
				CLANG_WARN__DUPLICATE_METHOD_MATCH = YES;
				CODE_SIGN_IDENTITY = "iPhone Developer";
				COPY_PHASE_STRIP = NO;
				DEBUG_INFORMATION_FORMAT = "dwarf-with-dsym";
				ENABLE_NS_ASSERTIONS = NO;
				ENABLE_STRICT_OBJC_MSGSEND = YES;
				GCC_C_LANGUAGE_STANDARD = gnu11;
				GCC_NO_COMMON_BLOCKS = YES;
				GCC_WARN_64_TO_32_BIT_CONVERSION = YES;
				GCC_WARN_ABOUT_RETURN_TYPE = YES_ERROR;
				GCC_WARN_UNDECLARED_SELECTOR = YES;
				GCC_WARN_UNINITIALIZED_AUTOS = YES_AGGRESSIVE;
				GCC_WARN_UNUSED_FUNCTION = YES;
				GCC_WARN_UNUSED_VARIABLE = YES;
				IPHONEOS_DEPLOYMENT_TARGET = 11.1;
				MTL_ENABLE_DEBUG_INFO = NO;
				SDKROOT = iphoneos;
				VALIDATE_PRODUCT = YES;
			};
			name = Release;
		};
		60B14F89205264E900654AF6 /* Debug */ = {
			isa = XCBuildConfiguration;
			buildSettings = {
				ASSETCATALOG_COMPILER_APPICON_NAME = AppIcon;
				CODE_SIGN_STYLE = Automatic;
				DEVELOPMENT_TEAM = Y7H5W7AZLD;
				INFOPLIST_FILE = WKAlertView/Info.plist;
				LD_RUNPATH_SEARCH_PATHS = "$(inherited) @executable_path/Frameworks";
				PRODUCT_BUNDLE_IDENTIFIER = xiaokai.wang.WKAlertView;
				PRODUCT_NAME = "$(TARGET_NAME)";
				TARGETED_DEVICE_FAMILY = "1,2";
			};
			name = Debug;
		};
		60B14F8A205264E900654AF6 /* Release */ = {
			isa = XCBuildConfiguration;
			buildSettings = {
				ASSETCATALOG_COMPILER_APPICON_NAME = AppIcon;
				CODE_SIGN_STYLE = Automatic;
				DEVELOPMENT_TEAM = Y7H5W7AZLD;
				INFOPLIST_FILE = WKAlertView/Info.plist;
				LD_RUNPATH_SEARCH_PATHS = "$(inherited) @executable_path/Frameworks";
				PRODUCT_BUNDLE_IDENTIFIER = xiaokai.wang.WKAlertView;
				PRODUCT_NAME = "$(TARGET_NAME)";
				TARGETED_DEVICE_FAMILY = "1,2";
			};
			name = Release;
		};
/* End XCBuildConfiguration section */

/* Begin XCConfigurationList section */
		60B14F6D205264E900654AF6 /* Build configuration list for PBXProject "WKAlertView" */ = {
			isa = XCConfigurationList;
			buildConfigurations = (
				60B14F86205264E900654AF6 /* Debug */,
				60B14F87205264E900654AF6 /* Release */,
			);
			defaultConfigurationIsVisible = 0;
			defaultConfigurationName = Release;
		};
		60B14F88205264E900654AF6 /* Build configuration list for PBXNativeTarget "WKAlertView" */ = {
			isa = XCConfigurationList;
			buildConfigurations = (
				60B14F89205264E900654AF6 /* Debug */,
				60B14F8A205264E900654AF6 /* Release */,
			);
			defaultConfigurationIsVisible = 0;
			defaultConfigurationName = Release;
		};
/* End XCConfigurationList section */
	};
	rootObject = 60B14F6A205264E900654AF6 /* Project object */;
}
